// !$*UTF8*$!
{
	archiveVersion = 1;
	classes = {
	};
	objectVersion = 50;
	objects = {

/* Begin PBXBuildFile section */
		719986312204363B00F6BFB1 /* LineUpSatDao.swift in Sources */ = {isa = PBXBuildFile; fileRef = 719986302204363B00F6BFB1 /* LineUpSatDao.swift */; };
		719986332204374F00F6BFB1 /* LineUpSatTableViewController.swift in Sources */ = {isa = PBXBuildFile; fileRef = 719986322204374F00F6BFB1 /* LineUpSatTableViewController.swift */; };
		719986352204388300F6BFB1 /* LineUpSatTableViewCell.swift in Sources */ = {isa = PBXBuildFile; fileRef = 719986342204388300F6BFB1 /* LineUpSatTableViewCell.swift */; };
		7199863722043AD000F6BFB1 /* DetailViewController.swift in Sources */ = {isa = PBXBuildFile; fileRef = 7199863622043AD000F6BFB1 /* DetailViewController.swift */; };
		71AF06C92204459B00CEC8C9 /* MapViewController.swift in Sources */ = {isa = PBXBuildFile; fileRef = 71AF06C82204459B00CEC8C9 /* MapViewController.swift */; };
		71AF06CC2204463800CEC8C9 /* MapKit.framework in Frameworks */ = {isa = PBXBuildFile; fileRef = 71AF06CB2204463800CEC8C9 /* MapKit.framework */; };
		71AF06CE2204463F00CEC8C9 /* CoreLocation.framework in Frameworks */ = {isa = PBXBuildFile; fileRef = 71AF06CD2204463F00CEC8C9 /* CoreLocation.framework */; };
		71AF06D322044A1400CEC8C9 /* NewPin.jpg in Resources */ = {isa = PBXBuildFile; fileRef = 71AF06D222044A1400CEC8C9 /* NewPin.jpg */; };
		71AF06D522045BE800CEC8C9 /* MyAnnotations.swift in Sources */ = {isa = PBXBuildFile; fileRef = 71AF06D422045BE800CEC8C9 /* MyAnnotations.swift */; };
		71FEEE5D220326AB00E5D98C /* AppDelegate.swift in Sources */ = {isa = PBXBuildFile; fileRef = 71FEEE5C220326AB00E5D98C /* AppDelegate.swift */; };
		71FEEE5F220326AB00E5D98C /* ViewController.swift in Sources */ = {isa = PBXBuildFile; fileRef = 71FEEE5E220326AB00E5D98C /* ViewController.swift */; };
		71FEEE62220326AB00E5D98C /* Main.storyboard in Resources */ = {isa = PBXBuildFile; fileRef = 71FEEE60220326AB00E5D98C /* Main.storyboard */; };
		71FEEE64220326AE00E5D98C /* Assets.xcassets in Resources */ = {isa = PBXBuildFile; fileRef = 71FEEE63220326AE00E5D98C /* Assets.xcassets */; };
		71FEEE67220326AE00E5D98C /* LaunchScreen.storyboard in Resources */ = {isa = PBXBuildFile; fileRef = 71FEEE65220326AE00E5D98C /* LaunchScreen.storyboard */; };
		71FEEE7122032A0000E5D98C /* LineUpTableViewController.swift in Sources */ = {isa = PBXBuildFile; fileRef = 71FEEE7022032A0000E5D98C /* LineUpTableViewController.swift */; };
		71FEEE7522032ADA00E5D98C /* Artist.swift in Sources */ = {isa = PBXBuildFile; fileRef = 71FEEE7422032ADA00E5D98C /* Artist.swift */; };
		71FEEE7722032FA000E5D98C /* Podium.swift in Sources */ = {isa = PBXBuildFile; fileRef = 71FEEE7622032FA000E5D98C /* Podium.swift */; };
		71FEEE7B2203317500E5D98C /* LineUpDao.swift in Sources */ = {isa = PBXBuildFile; fileRef = 71FEEE7A2203317500E5D98C /* LineUpDao.swift */; };
		71FEEE7D220339EE00E5D98C /* LineUpTableViewCell.swift in Sources */ = {isa = PBXBuildFile; fileRef = 71FEEE7C220339EE00E5D98C /* LineUpTableViewCell.swift */; };
/* End PBXBuildFile section */

/* Begin PBXFileReference section */
		719986302204363B00F6BFB1 /* LineUpSatDao.swift */ = {isa = PBXFileReference; lastKnownFileType = sourcecode.swift; path = LineUpSatDao.swift; sourceTree = "<group>"; };
		719986322204374F00F6BFB1 /* LineUpSatTableViewController.swift */ = {isa = PBXFileReference; lastKnownFileType = sourcecode.swift; path = LineUpSatTableViewController.swift; sourceTree = "<group>"; };
		719986342204388300F6BFB1 /* LineUpSatTableViewCell.swift */ = {isa = PBXFileReference; lastKnownFileType = sourcecode.swift; path = LineUpSatTableViewCell.swift; sourceTree = "<group>"; };
		7199863622043AD000F6BFB1 /* DetailViewController.swift */ = {isa = PBXFileReference; lastKnownFileType = sourcecode.swift; path = DetailViewController.swift; sourceTree = "<group>"; };
		71AF06C82204459B00CEC8C9 /* MapViewController.swift */ = {isa = PBXFileReference; lastKnownFileType = sourcecode.swift; path = MapViewController.swift; sourceTree = "<group>"; };
		71AF06CB2204463800CEC8C9 /* MapKit.framework */ = {isa = PBXFileReference; lastKnownFileType = wrapper.framework; name = MapKit.framework; path = System/Library/Frameworks/MapKit.framework; sourceTree = SDKROOT; };
		71AF06CD2204463F00CEC8C9 /* CoreLocation.framework */ = {isa = PBXFileReference; lastKnownFileType = wrapper.framework; name = CoreLocation.framework; path = System/Library/Frameworks/CoreLocation.framework; sourceTree = SDKROOT; };
		71AF06D222044A1400CEC8C9 /* NewPin.jpg */ = {isa = PBXFileReference; lastKnownFileType = image.jpeg; path = NewPin.jpg; sourceTree = "<group>"; };
		71AF06D422045BE800CEC8C9 /* MyAnnotations.swift */ = {isa = PBXFileReference; lastKnownFileType = sourcecode.swift; path = MyAnnotations.swift; sourceTree = "<group>"; };
		71FEEE59220326AB00E5D98C /* VistivAPP.app */ = {isa = PBXFileReference; explicitFileType = wrapper.application; includeInIndex = 0; path = VistivAPP.app; sourceTree = BUILT_PRODUCTS_DIR; };
		71FEEE5C220326AB00E5D98C /* AppDelegate.swift */ = {isa = PBXFileReference; lastKnownFileType = sourcecode.swift; path = AppDelegate.swift; sourceTree = "<group>"; };
		71FEEE5E220326AB00E5D98C /* ViewController.swift */ = {isa = PBXFileReference; lastKnownFileType = sourcecode.swift; path = ViewController.swift; sourceTree = "<group>"; };
		71FEEE61220326AB00E5D98C /* Base */ = {isa = PBXFileReference; lastKnownFileType = file.storyboard; name = Base; path = Base.lproj/Main.storyboard; sourceTree = "<group>"; };
		71FEEE63220326AE00E5D98C /* Assets.xcassets */ = {isa = PBXFileReference; lastKnownFileType = folder.assetcatalog; path = Assets.xcassets; sourceTree = "<group>"; };
		71FEEE66220326AE00E5D98C /* Base */ = {isa = PBXFileReference; lastKnownFileType = file.storyboard; name = Base; path = Base.lproj/LaunchScreen.storyboard; sourceTree = "<group>"; };
		71FEEE68220326AE00E5D98C /* Info.plist */ = {isa = PBXFileReference; lastKnownFileType = text.plist.xml; path = Info.plist; sourceTree = "<group>"; };
		71FEEE7022032A0000E5D98C /* LineUpTableViewController.swift */ = {isa = PBXFileReference; lastKnownFileType = sourcecode.swift; path = LineUpTableViewController.swift; sourceTree = "<group>"; };
		71FEEE7422032ADA00E5D98C /* Artist.swift */ = {isa = PBXFileReference; lastKnownFileType = sourcecode.swift; path = Artist.swift; sourceTree = "<group>"; };
		71FEEE7622032FA000E5D98C /* Podium.swift */ = {isa = PBXFileReference; lastKnownFileType = sourcecode.swift; path = Podium.swift; sourceTree = "<group>"; };
		71FEEE7A2203317500E5D98C /* LineUpDao.swift */ = {isa = PBXFileReference; lastKnownFileType = sourcecode.swift; path = LineUpDao.swift; sourceTree = "<group>"; };
		71FEEE7C220339EE00E5D98C /* LineUpTableViewCell.swift */ = {isa = PBXFileReference; lastKnownFileType = sourcecode.swift; path = LineUpTableViewCell.swift; sourceTree = "<group>"; };
/* End PBXFileReference section */

/* Begin PBXFrameworksBuildPhase section */
		71FEEE56220326AB00E5D98C /* Frameworks */ = {
			isa = PBXFrameworksBuildPhase;
			buildActionMask = 2147483647;
			files = (
				71AF06CE2204463F00CEC8C9 /* CoreLocation.framework in Frameworks */,
				71AF06CC2204463800CEC8C9 /* MapKit.framework in Frameworks */,
			);
			runOnlyForDeploymentPostprocessing = 0;
		};
/* End PBXFrameworksBuildPhase section */

/* Begin PBXGroup section */
		71AF06CA2204463800CEC8C9 /* Frameworks */ = {
			isa = PBXGroup;
			children = (
				71AF06CD2204463F00CEC8C9 /* CoreLocation.framework */,
				71AF06CB2204463800CEC8C9 /* MapKit.framework */,
			);
			name = Frameworks;
			sourceTree = "<group>";
		};
		71AF06D1220449EF00CEC8C9 /* Images */ = {
			isa = PBXGroup;
			children = (
				71AF06D222044A1400CEC8C9 /* NewPin.jpg */,
			);
			path = Images;
			sourceTree = "<group>";
		};
		71FEEE50220326AB00E5D98C = {
			isa = PBXGroup;
			children = (
				71FEEE5B220326AB00E5D98C /* VistivAPP */,
				71FEEE5A220326AB00E5D98C /* Products */,
				71AF06CA2204463800CEC8C9 /* Frameworks */,
			);
			sourceTree = "<group>";
		};
		71FEEE5A220326AB00E5D98C /* Products */ = {
			isa = PBXGroup;
			children = (
				71FEEE59220326AB00E5D98C /* VistivAPP.app */,
			);
			name = Products;
			sourceTree = "<group>";
		};
		71FEEE5B220326AB00E5D98C /* VistivAPP */ = {
			isa = PBXGroup;
			children = (
				71AF06D1220449EF00CEC8C9 /* Images */,
				71FEEE6F220329D600E5D98C /* Controller */,
				71FEEE6E220329CF00E5D98C /* Model */,
				71FEEE5C220326AB00E5D98C /* AppDelegate.swift */,
				71FEEE60220326AB00E5D98C /* Main.storyboard */,
				71FEEE63220326AE00E5D98C /* Assets.xcassets */,
				71FEEE65220326AE00E5D98C /* LaunchScreen.storyboard */,
				71FEEE68220326AE00E5D98C /* Info.plist */,
			);
			path = VistivAPP;
			sourceTree = "<group>";
		};
		71FEEE6E220329CF00E5D98C /* Model */ = {
			isa = PBXGroup;
			children = (
				71FEEE7422032ADA00E5D98C /* Artist.swift */,
				71FEEE7622032FA000E5D98C /* Podium.swift */,
				71FEEE7A2203317500E5D98C /* LineUpDao.swift */,
				719986302204363B00F6BFB1 /* LineUpSatDao.swift */,
				71AF06D422045BE800CEC8C9 /* MyAnnotations.swift */,
			);
			path = Model;
			sourceTree = "<group>";
		};
		71FEEE6F220329D600E5D98C /* Controller */ = {
			isa = PBXGroup;
			children = (
				71FEEE5E220326AB00E5D98C /* ViewController.swift */,
				71FEEE7022032A0000E5D98C /* LineUpTableViewController.swift */,
				71FEEE7C220339EE00E5D98C /* LineUpTableViewCell.swift */,
				719986322204374F00F6BFB1 /* LineUpSatTableViewController.swift */,
				719986342204388300F6BFB1 /* LineUpSatTableViewCell.swift */,
				7199863622043AD000F6BFB1 /* DetailViewController.swift */,
				71AF06C82204459B00CEC8C9 /* MapViewController.swift */,
			);
			path = Controller;
			sourceTree = "<group>";
		};
/* End PBXGroup section */

/* Begin PBXNativeTarget section */
		71FEEE58220326AB00E5D98C /* VistivAPP */ = {
			isa = PBXNativeTarget;
			buildConfigurationList = 71FEEE6B220326AE00E5D98C /* Build configuration list for PBXNativeTarget "VistivAPP" */;
			buildPhases = (
				71FEEE55220326AB00E5D98C /* Sources */,
				71FEEE56220326AB00E5D98C /* Frameworks */,
				71FEEE57220326AB00E5D98C /* Resources */,
			);
			buildRules = (
			);
			dependencies = (
			);
			name = VistivAPP;
			productName = VistivAPP;
			productReference = 71FEEE59220326AB00E5D98C /* VistivAPP.app */;
			productType = "com.apple.product-type.application";
		};
/* End PBXNativeTarget section */

/* Begin PBXProject section */
		71FEEE51220326AB00E5D98C /* Project object */ = {
			isa = PBXProject;
			attributes = {
				LastSwiftUpdateCheck = 1010;
				LastUpgradeCheck = 1010;
				ORGANIZATIONNAME = "Jorn Swift";
				TargetAttributes = {
					71FEEE58220326AB00E5D98C = {
						CreatedOnToolsVersion = 10.1;
					};
				};
			};
			buildConfigurationList = 71FEEE54220326AB00E5D98C /* Build configuration list for PBXProject "VistivAPP" */;
			compatibilityVersion = "Xcode 9.3";
			developmentRegion = en;
			hasScannedForEncodings = 0;
			knownRegions = (
				en,
				Base,
			);
			mainGroup = 71FEEE50220326AB00E5D98C;
			productRefGroup = 71FEEE5A220326AB00E5D98C /* Products */;
			projectDirPath = "";
			projectRoot = "";
			targets = (
				71FEEE58220326AB00E5D98C /* VistivAPP */,
			);
		};
/* End PBXProject section */

/* Begin PBXResourcesBuildPhase section */
		71FEEE57220326AB00E5D98C /* Resources */ = {
			isa = PBXResourcesBuildPhase;
			buildActionMask = 2147483647;
			files = (
				71FEEE67220326AE00E5D98C /* LaunchScreen.storyboard in Resources */,
				71FEEE64220326AE00E5D98C /* Assets.xcassets in Resources */,
				71AF06D322044A1400CEC8C9 /* NewPin.jpg in Resources */,
				71FEEE62220326AB00E5D98C /* Main.storyboard in Resources */,
			);
			runOnlyForDeploymentPostprocessing = 0;
		};
/* End PBXResourcesBuildPhase section */

/* Begin PBXSourcesBuildPhase section */
		71FEEE55220326AB00E5D98C /* Sources */ = {
			isa = PBXSourcesBuildPhase;
			buildActionMask = 2147483647;
			files = (
				719986352204388300F6BFB1 /* LineUpSatTableViewCell.swift in Sources */,
				71FEEE5F220326AB00E5D98C /* ViewController.swift in Sources */,
				71FEEE7122032A0000E5D98C /* LineUpTableViewController.swift in Sources */,
				7199863722043AD000F6BFB1 /* DetailViewController.swift in Sources */,
				71FEEE5D220326AB00E5D98C /* AppDelegate.swift in Sources */,
				71FEEE7D220339EE00E5D98C /* LineUpTableViewCell.swift in Sources */,
				71FEEE7B2203317500E5D98C /* LineUpDao.swift in Sources */,
				71AF06C92204459B00CEC8C9 /* MapViewController.swift in Sources */,
				71AF06D522045BE800CEC8C9 /* MyAnnotations.swift in Sources */,
				71FEEE7522032ADA00E5D98C /* Artist.swift in Sources */,
				719986312204363B00F6BFB1 /* LineUpSatDao.swift in Sources */,
				71FEEE7722032FA000E5D98C /* Podium.swift in Sources */,
				719986332204374F00F6BFB1 /* LineUpSatTableViewController.swift in Sources */,
			);
			runOnlyForDeploymentPostprocessing = 0;
		};
/* End PBXSourcesBuildPhase section */

/* Begin PBXVariantGroup section */
		71FEEE60220326AB00E5D98C /* Main.storyboard */ = {
			isa = PBXVariantGroup;
			children = (
				71FEEE61220326AB00E5D98C /* Base */,
			);
			name = Main.storyboard;
			sourceTree = "<group>";
		};
		71FEEE65220326AE00E5D98C /* LaunchScreen.storyboard */ = {
			isa = PBXVariantGroup;
			children = (
				71FEEE66220326AE00E5D98C /* Base */,
			);
			name = LaunchScreen.storyboard;
			sourceTree = "<group>";
		};
/* End PBXVariantGroup section */

/* Begin XCBuildConfiguration section */
		71FEEE69220326AE00E5D98C /* Debug */ = {
			isa = XCBuildConfiguration;
			buildSettings = {
				ALWAYS_SEARCH_USER_PATHS = NO;
				CLANG_ANALYZER_NONNULL = YES;
				CLANG_ANALYZER_NUMBER_OBJECT_CONVERSION = YES_AGGRESSIVE;
				CLANG_CXX_LANGUAGE_STANDARD = "gnu++14";
				CLANG_CXX_LIBRARY = "libc++";
				CLANG_ENABLE_MODULES = YES;
				CLANG_ENABLE_OBJC_ARC = YES;
				CLANG_ENABLE_OBJC_WEAK = YES;
				CLANG_WARN_BLOCK_CAPTURE_AUTORELEASING = YES;
				CLANG_WARN_BOOL_CONVERSION = YES;
				CLANG_WARN_COMMA = YES;
				CLANG_WARN_CONSTANT_CONVERSION = YES;
				CLANG_WARN_DEPRECATED_OBJC_IMPLEMENTATIONS = YES;
				CLANG_WARN_DIRECT_OBJC_ISA_USAGE = YES_ERROR;
				CLANG_WARN_DOCUMENTATION_COMMENTS = YES;
				CLANG_WARN_EMPTY_BODY = YES;
				CLANG_WARN_ENUM_CONVERSION = YES;
				CLANG_WARN_INFINITE_RECURSION = YES;
				CLANG_WARN_INT_CONVERSION = YES;
				CLANG_WARN_NON_LITERAL_NULL_CONVERSION = YES;
				CLANG_WARN_OBJC_IMPLICIT_RETAIN_SELF = YES;
				CLANG_WARN_OBJC_LITERAL_CONVERSION = YES;
				CLANG_WARN_OBJC_ROOT_CLASS = YES_ERROR;
				CLANG_WARN_RANGE_LOOP_ANALYSIS = YES;
				CLANG_WARN_STRICT_PROTOTYPES = YES;
				CLANG_WARN_SUSPICIOUS_MOVE = YES;
				CLANG_WARN_UNGUARDED_AVAILABILITY = YES_AGGRESSIVE;
				CLANG_WARN_UNREACHABLE_CODE = YES;
				CLANG_WARN__DUPLICATE_METHOD_MATCH = YES;
				CODE_SIGN_IDENTITY = "iPhone Developer";
				COPY_PHASE_STRIP = NO;
				DEBUG_INFORMATION_FORMAT = dwarf;
				ENABLE_STRICT_OBJC_MSGSEND = YES;
				ENABLE_TESTABILITY = YES;
				GCC_C_LANGUAGE_STANDARD = gnu11;
				GCC_DYNAMIC_NO_PIC = NO;
				GCC_NO_COMMON_BLOCKS = YES;
				GCC_OPTIMIZATION_LEVEL = 0;
				GCC_PREPROCESSOR_DEFINITIONS = (
					"DEBUG=1",
					"$(inherited)",
				);
				GCC_WARN_64_TO_32_BIT_CONVERSION = YES;
				GCC_WARN_ABOUT_RETURN_TYPE = YES_ERROR;
				GCC_WARN_UNDECLARED_SELECTOR = YES;
				GCC_WARN_UNINITIALIZED_AUTOS = YES_AGGRESSIVE;
				GCC_WARN_UNUSED_FUNCTION = YES;
				GCC_WARN_UNUSED_VARIABLE = YES;
				IPHONEOS_DEPLOYMENT_TARGET = 12.1;
				MTL_ENABLE_DEBUG_INFO = INCLUDE_SOURCE;
				MTL_FAST_MATH = YES;
				ONLY_ACTIVE_ARCH = YES;
				SDKROOT = iphoneos;
				SWIFT_ACTIVE_COMPILATION_CONDITIONS = DEBUG;
				SWIFT_OPTIMIZATION_LEVEL = "-Onone";
			};
			name = Debug;
		};
		71FEEE6A220326AE00E5D98C /* Release */ = {
			isa = XCBuildConfiguration;
			buildSettings = {
				ALWAYS_SEARCH_USER_PATHS = NO;
				CLANG_ANALYZER_NONNULL = YES;
				CLANG_ANALYZER_NUMBER_OBJECT_CONVERSION = YES_AGGRESSIVE;
				CLANG_CXX_LANGUAGE_STANDARD = "gnu++14";
				CLANG_CXX_LIBRARY = "libc++";
				CLANG_ENABLE_MODULES = YES;
				CLANG_ENABLE_OBJC_ARC = YES;
				CLANG_ENABLE_OBJC_WEAK = YES;
				CLANG_WARN_BLOCK_CAPTURE_AUTORELEASING = YES;
				CLANG_WARN_BOOL_CONVERSION = YES;
				CLANG_WARN_COMMA = YES;
				CLANG_WARN_CONSTANT_CONVERSION = YES;
				CLANG_WARN_DEPRECATED_OBJC_IMPLEMENTATIONS = YES;
				CLANG_WARN_DIRECT_OBJC_ISA_USAGE = YES_ERROR;
				CLANG_WARN_DOCUMENTATION_COMMENTS = YES;
				CLANG_WARN_EMPTY_BODY = YES;
				CLANG_WARN_ENUM_CONVERSION = YES;
				CLANG_WARN_INFINITE_RECURSION = YES;
				CLANG_WARN_INT_CONVERSION = YES;
				CLANG_WARN_NON_LITERAL_NULL_CONVERSION = YES;
				CLANG_WARN_OBJC_IMPLICIT_RETAIN_SELF = YES;
				CLANG_WARN_OBJC_LITERAL_CONVERSION = YES;
				CLANG_WARN_OBJC_ROOT_CLASS = YES_ERROR;
				CLANG_WARN_RANGE_LOOP_ANALYSIS = YES;
				CLANG_WARN_STRICT_PROTOTYPES = YES;
				CLANG_WARN_SUSPICIOUS_MOVE = YES;
				CLANG_WARN_UNGUARDED_AVAILABILITY = YES_AGGRESSIVE;
				CLANG_WARN_UNREACHABLE_CODE = YES;
				CLANG_WARN__DUPLICATE_METHOD_MATCH = YES;
				CODE_SIGN_IDENTITY = "iPhone Developer";
				COPY_PHASE_STRIP = NO;
				DEBUG_INFORMATION_FORMAT = "dwarf-with-dsym";
				ENABLE_NS_ASSERTIONS = NO;
				ENABLE_STRICT_OBJC_MSGSEND = YES;
				GCC_C_LANGUAGE_STANDARD = gnu11;
				GCC_NO_COMMON_BLOCKS = YES;
				GCC_WARN_64_TO_32_BIT_CONVERSION = YES;
				GCC_WARN_ABOUT_RETURN_TYPE = YES_ERROR;
				GCC_WARN_UNDECLARED_SELECTOR = YES;
				GCC_WARN_UNINITIALIZED_AUTOS = YES_AGGRESSIVE;
				GCC_WARN_UNUSED_FUNCTION = YES;
				GCC_WARN_UNUSED_VARIABLE = YES;
				IPHONEOS_DEPLOYMENT_TARGET = 12.1;
				MTL_ENABLE_DEBUG_INFO = NO;
				MTL_FAST_MATH = YES;
				SDKROOT = iphoneos;
				SWIFT_COMPILATION_MODE = wholemodule;
				SWIFT_OPTIMIZATION_LEVEL = "-O";
				VALIDATE_PRODUCT = YES;
			};
			name = Release;
		};
		71FEEE6C220326AE00E5D98C /* Debug */ = {
			isa = XCBuildConfiguration;
			buildSettings = {
				ASSETCATALOG_COMPILER_APPICON_NAME = AppIcon;
				CODE_SIGN_STYLE = Automatic;
				INFOPLIST_FILE = VistivAPP/Info.plist;
				LD_RUNPATH_SEARCH_PATHS = (
					"$(inherited)",
					"@executable_path/Frameworks",
				);
				PRODUCT_BUNDLE_IDENTIFIER = swift.jorn.VistivAPP;
				PRODUCT_NAME = "$(TARGET_NAME)";
				SWIFT_VERSION = 4.2;
				TARGETED_DEVICE_FAMILY = 1;
			};
			name = Debug;
		};
		71FEEE6D220326AE00E5D98C /* Release */ = {
			isa = XCBuildConfiguration;
			buildSettings = {
				ASSETCATALOG_COMPILER_APPICON_NAME = AppIcon;
				CODE_SIGN_STYLE = Automatic;
				INFOPLIST_FILE = VistivAPP/Info.plist;
				LD_RUNPATH_SEARCH_PATHS = (
					"$(inherited)",
					"@executable_path/Frameworks",
				);
				PRODUCT_BUNDLE_IDENTIFIER = swift.jorn.VistivAPP;
				PRODUCT_NAME = "$(TARGET_NAME)";
				SWIFT_VERSION = 4.2;
				TARGETED_DEVICE_FAMILY = 1;
			};
			name = Release;
		};
/* End XCBuildConfiguration section */

/* Begin XCConfigurationList section */
		71FEEE54220326AB00E5D98C /* Build configuration list for PBXProject "VistivAPP" */ = {
			isa = XCConfigurationList;
			buildConfigurations = (
				71FEEE69220326AE00E5D98C /* Debug */,
				71FEEE6A220326AE00E5D98C /* Release */,
			);
			defaultConfigurationIsVisible = 0;
			defaultConfigurationName = Release;
		};
		71FEEE6B220326AE00E5D98C /* Build configuration list for PBXNativeTarget "VistivAPP" */ = {
			isa = XCConfigurationList;
			buildConfigurations = (
				71FEEE6C220326AE00E5D98C /* Debug */,
				71FEEE6D220326AE00E5D98C /* Release */,
			);
			defaultConfigurationIsVisible = 0;
			defaultConfigurationName = Release;
		};
/* End XCConfigurationList section */
	};
	rootObject = 71FEEE51220326AB00E5D98C /* Project object */;
}
